
Microsoft Visual Studio Solution File, Format Version 12.00
# Visual Studio Version 17
VisualStudioVersion = 17.3.32929.385
MinimumVisualStudioVersion = 10.0.40219.1
Project("{FAE04EC0-301F-11D3-BF4B-00C04F79EFBC}") = "CompanyAPI", "CompanyAPI\CompanyAPI.csproj", "{A2738E96-CECB-4E22-A8C2-94E8F52B2918}"
EndProject
Global
	GlobalSection(SolutionConfigurationPlatforms) = preSolution
		Debug|Any CPU = Debug|Any CPU
		Release|Any CPU = Release|Any CPU
	EndGlobalSection
	GlobalSection(ProjectConfigurationPlatforms) = postSolution
		{A2738E96-CECB-4E22-A8C2-94E8F52B2918}.Debug|Any CPU.ActiveCfg = Debug|Any CPU
		{A2738E96-CECB-4E22-A8C2-94E8F52B2918}.Debug|Any CPU.Build.0 = Debug|Any CPU
		{A2738E96-CECB-4E22-A8C2-94E8F52B2918}.Release|Any CPU.ActiveCfg = Release|Any CPU
		{A2738E96-CECB-4E22-A8C2-94E8F52B2918}.Release|Any CPU.Build.0 = Release|Any CPU
	EndGlobalSection
	GlobalSection(SolutionProperties) = preSolution
		HideSolutionNode = FALSE
	EndGlobalSection
	GlobalSection(ExtensibilityGlobals) = postSolution
		SolutionGuid = {D665C7DE-C430-4A83-ACBA-C2A4CC515ECD}
	EndGlobalSection
EndGlobal
